
Microsoft Visual Studio Solution File, Format Version 12.00
# Visual Studio Version 16
VisualStudioVersion = 16.0.30804.86
MinimumVisualStudioVersion = 10.0.40219.1
Project("{FAE04EC0-301F-11D3-BF4B-00C04F79EFBC}") = "CovidDiscordBot.ConsoleApp", "CovidDiscordBot.ConsoleApp\CovidDiscordBot.ConsoleApp.csproj", "{7B2A1AE9-80A9-45E7-9E1F-4FF7DA8C3218}"
EndProject
Project("{FAE04EC0-301F-11D3-BF4B-00C04F79EFBC}") = "CovidDiscordBot.Entities", "CovidDiscordBot.Entities\CovidDiscordBot.Entities.csproj", "{936D46A0-8670-4CC7-B914-C22AE158FCE5}"
EndProject
Project("{FAE04EC0-301F-11D3-BF4B-00C04F79EFBC}") = "CovidDiscordBot.WebServices", "CovidDiscordBot.WebServices\CovidDiscordBot.WebServices.csproj", "{EF58B6A1-1977-4D67-8CE1-2CD1F23037A0}"
EndProject
Project("{FAE04EC0-301F-11D3-BF4B-00C04F79EFBC}") = "CovidDiscordBot.Commands", "CovidDiscordBot.Commands\CovidDiscordBot.Commands.csproj", "{CB03081E-0F0F-4D7E-A42D-BDC5F641CB56}"
EndProject
Global
	GlobalSection(SolutionConfigurationPlatforms) = preSolution
		Debug|Any CPU = Debug|Any CPU
		Release|Any CPU = Release|Any CPU
	EndGlobalSection
	GlobalSection(ProjectConfigurationPlatforms) = postSolution
		{7B2A1AE9-80A9-45E7-9E1F-4FF7DA8C3218}.Debug|Any CPU.ActiveCfg = Debug|Any CPU
		{7B2A1AE9-80A9-45E7-9E1F-4FF7DA8C3218}.Debug|Any CPU.Build.0 = Debug|Any CPU
		{7B2A1AE9-80A9-45E7-9E1F-4FF7DA8C3218}.Release|Any CPU.ActiveCfg = Release|Any CPU
		{7B2A1AE9-80A9-45E7-9E1F-4FF7DA8C3218}.Release|Any CPU.Build.0 = Release|Any CPU
		{936D46A0-8670-4CC7-B914-C22AE158FCE5}.Debug|Any CPU.ActiveCfg = Debug|Any CPU
		{936D46A0-8670-4CC7-B914-C22AE158FCE5}.Debug|Any CPU.Build.0 = Debug|Any CPU
		{936D46A0-8670-4CC7-B914-C22AE158FCE5}.Release|Any CPU.ActiveCfg = Release|Any CPU
		{936D46A0-8670-4CC7-B914-C22AE158FCE5}.Release|Any CPU.Build.0 = Release|Any CPU
		{EF58B6A1-1977-4D67-8CE1-2CD1F23037A0}.Debug|Any CPU.ActiveCfg = Debug|Any CPU
		{EF58B6A1-1977-4D67-8CE1-2CD1F23037A0}.Debug|Any CPU.Build.0 = Debug|Any CPU
		{EF58B6A1-1977-4D67-8CE1-2CD1F23037A0}.Release|Any CPU.ActiveCfg = Release|Any CPU
		{EF58B6A1-1977-4D67-8CE1-2CD1F23037A0}.Release|Any CPU.Build.0 = Release|Any CPU
		{CB03081E-0F0F-4D7E-A42D-BDC5F641CB56}.Debug|Any CPU.ActiveCfg = Debug|Any CPU
		{CB03081E-0F0F-4D7E-A42D-BDC5F641CB56}.Debug|Any CPU.Build.0 = Debug|Any CPU
		{CB03081E-0F0F-4D7E-A42D-BDC5F641CB56}.Release|Any CPU.ActiveCfg = Release|Any CPU
		{CB03081E-0F0F-4D7E-A42D-BDC5F641CB56}.Release|Any CPU.Build.0 = Release|Any CPU
	EndGlobalSection
	GlobalSection(SolutionProperties) = preSolution
		HideSolutionNode = FALSE
	EndGlobalSection
	GlobalSection(ExtensibilityGlobals) = postSolution
		SolutionGuid = {C5C118D3-D3E3-4EC8-8B64-9C0646638AFB}
	EndGlobalSection
EndGlobal
